
Microsoft Visual Studio Solution File, Format Version 12.00
# Visual Studio Version 17
VisualStudioVersion = 17.4.33122.133
MinimumVisualStudioVersion = 10.0.40219.1
Project("{FAE04EC0-301F-11D3-BF4B-00C04F79EFBC}") = "BefeiraBlazor", "BefeiraBlazor\BefeiraBlazor.csproj", "{878C4266-709C-432C-AA48-A1EEB785E111}"
EndProject
Global
	GlobalSection(SolutionConfigurationPlatforms) = preSolution
		Debug|Any CPU = Debug|Any CPU
		Release|Any CPU = Release|Any CPU
	EndGlobalSection
	GlobalSection(ProjectConfigurationPlatforms) = postSolution
		{878C4266-709C-432C-AA48-A1EEB785E111}.Debug|Any CPU.ActiveCfg = Debug|Any CPU
		{878C4266-709C-432C-AA48-A1EEB785E111}.Debug|Any CPU.Build.0 = Debug|Any CPU
		{878C4266-709C-432C-AA48-A1EEB785E111}.Release|Any CPU.ActiveCfg = Release|Any CPU
		{878C4266-709C-432C-AA48-A1EEB785E111}.Release|Any CPU.Build.0 = Release|Any CPU
	EndGlobalSection
	GlobalSection(SolutionProperties) = preSolution
		HideSolutionNode = FALSE
	EndGlobalSection
	GlobalSection(ExtensibilityGlobals) = postSolution
		SolutionGuid = {22E7514E-AD33-4AB2-94E6-B42012FB73EA}
	EndGlobalSection
EndGlobal
